
Microsoft Visual Studio Solution File, Format Version 12.00
# Visual Studio Version 17
VisualStudioVersion = 17.11.35312.102
MinimumVisualStudioVersion = 10.0.40219.1
Project("{2150E333-8FDC-42A3-9474-1A3956D46DE8}") = "Task0", "Task0", "{3C64A723-5AE3-4005-BD72-043E97BB7710}"
EndProject
Project("{FAE04EC0-301F-11D3-BF4B-00C04F79EFBC}") = "Tyuiu.KordonKD.Sprint5.Task0.V3.Lib", "..\Tyuiu.KordonKD.Sprint5.Task0.V3.Lib\Tyuiu.KordonKD.Sprint5.Task0.V3.Lib.csproj", "{74AC574D-4CEE-4B03-9A9A-0B051D6EE48A}"
EndProject
Project("{FAE04EC0-301F-11D3-BF4B-00C04F79EFBC}") = "Tyuiu.KordonKD.Sprint5.Task0.V3.Test", "..\Tyuiu.KordonKD.Sprint5.Task0.V3.Test\Tyuiu.KordonKD.Sprint5.Task0.V3.Test.csproj", "{29FCE935-584A-45A6-8CDF-DB4AA5BEAA3A}"
EndProject
Project("{2150E333-8FDC-42A3-9474-1A3956D46DE8}") = "Task1", "Task1", "{C4E1536C-5C57-4FBF-9B0C-3D28D9E5ECF2}"
EndProject
Project("{FAE04EC0-301F-11D3-BF4B-00C04F79EFBC}") = "Tyuiu.KordonKD.Sprint5.Task1.V23.Test", "..\Tyuiu.KordonKD.Sprint5.Task1.V23.Test\Tyuiu.KordonKD.Sprint5.Task1.V23.Test.csproj", "{A70F817E-02DC-4032-91EB-BB0624E24383}"
EndProject
Project("{FAE04EC0-301F-11D3-BF4B-00C04F79EFBC}") = "Tyuiu.KordonKD.Sprint5.Task1.V23.Lib", "..\Tyuiu.KordonKD.Sprint5.Task1.V23.Lib\Tyuiu.KordonKD.Sprint5.Task1.V23.Lib.csproj", "{161A732F-BB26-44EB-92CD-1CAEAC1923DC}"
EndProject
Project("{FAE04EC0-301F-11D3-BF4B-00C04F79EFBC}") = "Tyuiu.KordonKD.Sprint5.Task0.V3", "..\Tyuiu.KordonKD.Sprint5.Task0.V3\Tyuiu.KordonKD.Sprint5.Task0.V3.csproj", "{A799E381-D788-4DEB-903E-2EE7F81B051A}"
EndProject
Project("{FAE04EC0-301F-11D3-BF4B-00C04F79EFBC}") = "Tyuiu.KordonKD.Sprint5.Task1.V23", "Tyuiu.KordonKD.Sprint5.Task1.V23\Tyuiu.KordonKD.Sprint5.Task1.V23.csproj", "{85FC1A69-C195-4FAD-9775-68403404C619}"
EndProject
Project("{2150E333-8FDC-42A3-9474-1A3956D46DE8}") = "Task2", "Task2", "{F8894C01-87E6-4F65-8E75-CACD45B20D75}"
EndProject
Project("{FAE04EC0-301F-11D3-BF4B-00C04F79EFBC}") = "Tyuiu.KordonKD.Sprint5.Task2.V25", "Tyuiu.KordonKD.Sprint5.Task2.V25\Tyuiu.KordonKD.Sprint5.Task2.V25.csproj", "{05B295FF-A0F5-4E61-AC54-6DBAB5B60C09}"
EndProject
Project("{FAE04EC0-301F-11D3-BF4B-00C04F79EFBC}") = "Tyuiu.KordonKD.Sprint5.Task2.V25.Lib", "Tyuiu.KordonKD.Sprint5.Task2.V25.Lib\Tyuiu.KordonKD.Sprint5.Task2.V25.Lib.csproj", "{23E08E79-0381-4F0C-AA22-65FC94A9FE09}"
EndProject
Project("{FAE04EC0-301F-11D3-BF4B-00C04F79EFBC}") = "Tyuiu.KordonKD.Sprint5.Task2.V25.Test", "Tyuiu.KordonKD.Sprint5.Task2.V25.Test\Tyuiu.KordonKD.Sprint5.Task2.V25.Test.csproj", "{88DF7067-28B6-4227-A180-4B21438526D7}"
EndProject
Project("{2150E333-8FDC-42A3-9474-1A3956D46DE8}") = "Task3", "Task3", "{C7C5F4C9-9C01-4375-963B-E2B23FF1D7C2}"
EndProject
Project("{FAE04EC0-301F-11D3-BF4B-00C04F79EFBC}") = "Tyuiu.KordonKD.Sprint5.Task3.Test.V20", "Tyuiu.KordonKD.Sprint5.Task3.Test.V20\Tyuiu.KordonKD.Sprint5.Task3.Test.V20.csproj", "{8CC7C8F4-4253-4DEF-9EAD-7B46C793F322}"
EndProject
Project("{FAE04EC0-301F-11D3-BF4B-00C04F79EFBC}") = "Tyuiu.KordonKD.Sprint5.Task3.Lib.V20", "Tyuiu.KordonKD.Sprint5.Task3.Lib.V20\Tyuiu.KordonKD.Sprint5.Task3.Lib.V20.csproj", "{FC97F7E0-6A48-4EC2-BF9B-376C98F7ABF6}"
EndProject
Project("{FAE04EC0-301F-11D3-BF4B-00C04F79EFBC}") = "Tyuiu.KordonKD.Sprint5.Task3.V20", "Tyuiu.KordonKD.Sprint5.Task3.V20\Tyuiu.KordonKD.Sprint5.Task3.V20.csproj", "{148C6522-FF7A-42B7-B87E-55BA6F240472}"
EndProject
Global
	GlobalSection(SolutionConfigurationPlatforms) = preSolution
		Debug|Any CPU = Debug|Any CPU
		Release|Any CPU = Release|Any CPU
	EndGlobalSection
	GlobalSection(ProjectConfigurationPlatforms) = postSolution
		{74AC574D-4CEE-4B03-9A9A-0B051D6EE48A}.Debug|Any CPU.ActiveCfg = Debug|Any CPU
		{74AC574D-4CEE-4B03-9A9A-0B051D6EE48A}.Debug|Any CPU.Build.0 = Debug|Any CPU
		{74AC574D-4CEE-4B03-9A9A-0B051D6EE48A}.Release|Any CPU.ActiveCfg = Release|Any CPU
		{74AC574D-4CEE-4B03-9A9A-0B051D6EE48A}.Release|Any CPU.Build.0 = Release|Any CPU
		{29FCE935-584A-45A6-8CDF-DB4AA5BEAA3A}.Debug|Any CPU.ActiveCfg = Debug|Any CPU
		{29FCE935-584A-45A6-8CDF-DB4AA5BEAA3A}.Debug|Any CPU.Build.0 = Debug|Any CPU
		{29FCE935-584A-45A6-8CDF-DB4AA5BEAA3A}.Release|Any CPU.ActiveCfg = Release|Any CPU
		{29FCE935-584A-45A6-8CDF-DB4AA5BEAA3A}.Release|Any CPU.Build.0 = Release|Any CPU
		{A70F817E-02DC-4032-91EB-BB0624E24383}.Debug|Any CPU.ActiveCfg = Debug|Any CPU
		{A70F817E-02DC-4032-91EB-BB0624E24383}.Debug|Any CPU.Build.0 = Debug|Any CPU
		{A70F817E-02DC-4032-91EB-BB0624E24383}.Release|Any CPU.ActiveCfg = Release|Any CPU
		{A70F817E-02DC-4032-91EB-BB0624E24383}.Release|Any CPU.Build.0 = Release|Any CPU
		{161A732F-BB26-44EB-92CD-1CAEAC1923DC}.Debug|Any CPU.ActiveCfg = Debug|Any CPU
		{161A732F-BB26-44EB-92CD-1CAEAC1923DC}.Debug|Any CPU.Build.0 = Debug|Any CPU
		{161A732F-BB26-44EB-92CD-1CAEAC1923DC}.Release|Any CPU.ActiveCfg = Release|Any CPU
		{161A732F-BB26-44EB-92CD-1CAEAC1923DC}.Release|Any CPU.Build.0 = Release|Any CPU
		{A799E381-D788-4DEB-903E-2EE7F81B051A}.Debug|Any CPU.ActiveCfg = Debug|Any CPU
		{A799E381-D788-4DEB-903E-2EE7F81B051A}.Debug|Any CPU.Build.0 = Debug|Any CPU
		{A799E381-D788-4DEB-903E-2EE7F81B051A}.Release|Any CPU.ActiveCfg = Release|Any CPU
		{A799E381-D788-4DEB-903E-2EE7F81B051A}.Release|Any CPU.Build.0 = Release|Any CPU
		{85FC1A69-C195-4FAD-9775-68403404C619}.Debug|Any CPU.ActiveCfg = Debug|Any CPU
		{85FC1A69-C195-4FAD-9775-68403404C619}.Debug|Any CPU.Build.0 = Debug|Any CPU
		{85FC1A69-C195-4FAD-9775-68403404C619}.Release|Any CPU.ActiveCfg = Release|Any CPU
		{85FC1A69-C195-4FAD-9775-68403404C619}.Release|Any CPU.Build.0 = Release|Any CPU
		{05B295FF-A0F5-4E61-AC54-6DBAB5B60C09}.Debug|Any CPU.ActiveCfg = Debug|Any CPU
		{05B295FF-A0F5-4E61-AC54-6DBAB5B60C09}.Debug|Any CPU.Build.0 = Debug|Any CPU
		{05B295FF-A0F5-4E61-AC54-6DBAB5B60C09}.Release|Any CPU.ActiveCfg = Release|Any CPU
		{05B295FF-A0F5-4E61-AC54-6DBAB5B60C09}.Release|Any CPU.Build.0 = Release|Any CPU
		{23E08E79-0381-4F0C-AA22-65FC94A9FE09}.Debug|Any CPU.ActiveCfg = Debug|Any CPU
		{23E08E79-0381-4F0C-AA22-65FC94A9FE09}.Debug|Any CPU.Build.0 = Debug|Any CPU
		{23E08E79-0381-4F0C-AA22-65FC94A9FE09}.Release|Any CPU.ActiveCfg = Release|Any CPU
		{23E08E79-0381-4F0C-AA22-65FC94A9FE09}.Release|Any CPU.Build.0 = Release|Any CPU
		{88DF7067-28B6-4227-A180-4B21438526D7}.Debug|Any CPU.ActiveCfg = Debug|Any CPU
		{88DF7067-28B6-4227-A180-4B21438526D7}.Debug|Any CPU.Build.0 = Debug|Any CPU
		{88DF7067-28B6-4227-A180-4B21438526D7}.Release|Any CPU.ActiveCfg = Release|Any CPU
		{88DF7067-28B6-4227-A180-4B21438526D7}.Release|Any CPU.Build.0 = Release|Any CPU
		{8CC7C8F4-4253-4DEF-9EAD-7B46C793F322}.Debug|Any CPU.ActiveCfg = Debug|Any CPU
		{8CC7C8F4-4253-4DEF-9EAD-7B46C793F322}.Debug|Any CPU.Build.0 = Debug|Any CPU
		{8CC7C8F4-4253-4DEF-9EAD-7B46C793F322}.Release|Any CPU.ActiveCfg = Release|Any CPU
		{8CC7C8F4-4253-4DEF-9EAD-7B46C793F322}.Release|Any CPU.Build.0 = Release|Any CPU
		{FC97F7E0-6A48-4EC2-BF9B-376C98F7ABF6}.Debug|Any CPU.ActiveCfg = Debug|Any CPU
		{FC97F7E0-6A48-4EC2-BF9B-376C98F7ABF6}.Debug|Any CPU.Build.0 = Debug|Any CPU
		{FC97F7E0-6A48-4EC2-BF9B-376C98F7ABF6}.Release|Any CPU.ActiveCfg = Release|Any CPU
		{FC97F7E0-6A48-4EC2-BF9B-376C98F7ABF6}.Release|Any CPU.Build.0 = Release|Any CPU
		{148C6522-FF7A-42B7-B87E-55BA6F240472}.Debug|Any CPU.ActiveCfg = Debug|Any CPU
		{148C6522-FF7A-42B7-B87E-55BA6F240472}.Debug|Any CPU.Build.0 = Debug|Any CPU
		{148C6522-FF7A-42B7-B87E-55BA6F240472}.Release|Any CPU.ActiveCfg = Release|Any CPU
		{148C6522-FF7A-42B7-B87E-55BA6F240472}.Release|Any CPU.Build.0 = Release|Any CPU
	EndGlobalSection
	GlobalSection(SolutionProperties) = preSolution
		HideSolutionNode = FALSE
	EndGlobalSection
	GlobalSection(NestedProjects) = preSolution
		{74AC574D-4CEE-4B03-9A9A-0B051D6EE48A} = {3C64A723-5AE3-4005-BD72-043E97BB7710}
		{29FCE935-584A-45A6-8CDF-DB4AA5BEAA3A} = {3C64A723-5AE3-4005-BD72-043E97BB7710}
		{A70F817E-02DC-4032-91EB-BB0624E24383} = {C4E1536C-5C57-4FBF-9B0C-3D28D9E5ECF2}
		{161A732F-BB26-44EB-92CD-1CAEAC1923DC} = {C4E1536C-5C57-4FBF-9B0C-3D28D9E5ECF2}
		{A799E381-D788-4DEB-903E-2EE7F81B051A} = {3C64A723-5AE3-4005-BD72-043E97BB7710}
		{85FC1A69-C195-4FAD-9775-68403404C619} = {C4E1536C-5C57-4FBF-9B0C-3D28D9E5ECF2}
		{05B295FF-A0F5-4E61-AC54-6DBAB5B60C09} = {F8894C01-87E6-4F65-8E75-CACD45B20D75}
		{23E08E79-0381-4F0C-AA22-65FC94A9FE09} = {F8894C01-87E6-4F65-8E75-CACD45B20D75}
		{88DF7067-28B6-4227-A180-4B21438526D7} = {F8894C01-87E6-4F65-8E75-CACD45B20D75}
		{8CC7C8F4-4253-4DEF-9EAD-7B46C793F322} = {C7C5F4C9-9C01-4375-963B-E2B23FF1D7C2}
		{FC97F7E0-6A48-4EC2-BF9B-376C98F7ABF6} = {C7C5F4C9-9C01-4375-963B-E2B23FF1D7C2}
		{148C6522-FF7A-42B7-B87E-55BA6F240472} = {C7C5F4C9-9C01-4375-963B-E2B23FF1D7C2}
	EndGlobalSection
	GlobalSection(ExtensibilityGlobals) = postSolution
		SolutionGuid = {E7DB479D-3D37-4AA2-9E6A-460F11281DD6}
	EndGlobalSection
EndGlobal
